
Microsoft Visual Studio Solution File, Format Version 12.00
# Visual Studio Version 17
VisualStudioVersion = 17.1.32319.34
MinimumVisualStudioVersion = 10.0.40219.1
Project("{FAE04EC0-301F-11D3-BF4B-00C04F79EFBC}") = "GenfuDemo", "GenfuDemo\GenfuDemo.csproj", "{DC9A0070-9BD9-45C2-99FF-4216A569B6A4}"
EndProject
Global
	GlobalSection(SolutionConfigurationPlatforms) = preSolution
		Debug|Any CPU = Debug|Any CPU
		Release|Any CPU = Release|Any CPU
	EndGlobalSection
	GlobalSection(ProjectConfigurationPlatforms) = postSolution
		{DC9A0070-9BD9-45C2-99FF-4216A569B6A4}.Debug|Any CPU.ActiveCfg = Debug|Any CPU
		{DC9A0070-9BD9-45C2-99FF-4216A569B6A4}.Debug|Any CPU.Build.0 = Debug|Any CPU
		{DC9A0070-9BD9-45C2-99FF-4216A569B6A4}.Release|Any CPU.ActiveCfg = Release|Any CPU
		{DC9A0070-9BD9-45C2-99FF-4216A569B6A4}.Release|Any CPU.Build.0 = Release|Any CPU
	EndGlobalSection
	GlobalSection(SolutionProperties) = preSolution
		HideSolutionNode = FALSE
	EndGlobalSection
	GlobalSection(ExtensibilityGlobals) = postSolution
		SolutionGuid = {4CE8FF03-729B-49E2-8F2D-63A6EA988D45}
	EndGlobalSection
EndGlobal
